{
  "name": "newrelic_agent",
  "version": "0.0.2-1",
  "dependencies": {
    "winston": {
      "version": "0.6.2",
      "dependencies": {
        "async": {
          "version": "0.1.22"
        },
        "colors": {
          "version": "0.6.0-1"
        },
        "cycle": {
          "version": "1.0.0"
        },
        "eyes": {
          "version": "0.1.8"
        },
        "request": {
          "version": "2.9.203"
        },
        "stack-trace": {
          "version": "0.0.6"
        }
      }
    },
    "pkginfo": {
      "version": "0.2.3"
    },
    "chai": {
      "version": "1.0.4"
    },
    "request": {
      "version": "2.11.0"
    },
    "cover": {
      "version": "0.2.8",
      "dependencies": {
        "cli-table": {
          "version": "0.0.2",
          "dependencies": {
            "colors": {
              "version": "0.3.0"
            }
          }
        },
        "underscore": {
          "version": "1.2.4"
        },
        "underscore.string": {
          "version": "2.0.0"
        },
        "which": {
          "version": "1.0.5"
        }
      }
    },
    "express": {
      "version": "2.5.11",
      "dependencies": {
        "connect": {
          "version": "1.9.2",
          "dependencies": {
            "formidable": {
              "version": "1.0.11"
            }
          }
        },
        "mime": {
          "version": "1.2.4"
        },
        "qs": {
          "version": "0.4.2"
        },
        "mkdirp": {
          "version": "0.3.0"
        }
      }
    },
    "mocha": {
      "version": "1.4.2",
      "dependencies": {
        "commander": {
          "version": "0.6.1"
        },
        "growl": {
          "version": "1.5.1"
        },
        "jade": {
          "version": "0.26.3",
          "dependencies": {
            "mkdirp": {
              "version": "0.3.0"
            }
          }
        },
        "diff": {
          "version": "1.0.2"
        },
        "debug": {
          "version": "0.7.0"
        },
        "mkdirp": {
          "version": "0.3.3"
        }
      }
    },
    "connect": {
      "version": "2.4.5",
      "dependencies": {
        "qs": {
          "version": "0.4.2"
        },
        "formidable": {
          "version": "1.0.11"
        },
        "crc": {
          "version": "0.2.0"
        },
        "cookie": {
          "version": "0.0.4"
        },
        "bytes": {
          "version": "0.1.0"
        },
        "send": {
          "version": "0.0.4",
          "dependencies": {
            "mime": {
              "version": "1.2.6"
            },
            "range-parser": {
              "version": "0.0.4"
            }
          }
        },
        "fresh": {
          "version": "0.1.0"
        },
        "pause": {
          "version": "0.0.1"
        },
        "debug": {
          "version": "0.7.0"
        }
      }
    },
    "sinon": {
      "version": "1.4.2",
      "dependencies": {
        "buster-format": {
          "version": "0.5.5",
          "dependencies": {
            "buster-core": {
              "version": "0.6.4"
            }
          }
        }
      }
    }
  }
}
