{
  "name": "nextjs-tests",
  "version": "0.0.0",
  "lockfileVersion": 2,
  "requires": true,
  "packages": {
    "": {
      "name": "nextjs-tests",
      "version": "0.0.0"
    },
    "node_modules/@next/env": {
      "version": "12.2.2",
      "resolved": "https://registry.npmjs.org/@next/env/-/env-12.2.2.tgz",
      "integrity": "sha512-BqDwE4gDl1F608TpnNxZqrCn6g48MBjvmWFEmeX5wEXDXh3IkAOw6ASKUgjT8H4OUePYFqghDFUss5ZhnbOUjw=="
    },
    "node_modules/@next/swc-darwin-arm64": {
      "version": "12.2.2",
      "resolved": "https://registry.npmjs.org/@next/swc-darwin-arm64/-/swc-darwin-arm64-12.2.2.tgz",
      "integrity": "sha512-JCoGySHKGt+YBk7xRTFGx1QjrnCcwYxIo3yGepcOq64MoiocTM3yllQWeOAJU2/k9MH0+B5E9WUSme4rOCBbpA==",
      "cpu": [
        "arm64"
      ],
      "optional": true,
      "os": [
        "darwin"
      ],
      "engines": {
        "node": ">= 10"
      }
    },
    "node_modules/@swc/helpers": {
      "version": "0.4.2",
      "resolved": "https://registry.npmjs.org/@swc/helpers/-/helpers-0.4.2.tgz",
      "integrity": "sha512-556Az0VX7WR6UdoTn4htt/l3zPQ7bsQWK+HqdG4swV7beUCxo/BqmvbOpUkTIm/9ih86LIf1qsUnywNL3obGHw==",
      "dependencies": {
        "tslib": "^2.4.0"
      }
    },
    "node_modules/caniuse-lite": {
      "version": "1.0.30001361",
      "resolved": "https://registry.npmjs.org/caniuse-lite/-/caniuse-lite-1.0.30001361.tgz",
      "integrity": "sha512-ybhCrjNtkFji1/Wto6SSJKkWk6kZgVQsDq5QI83SafsF6FXv2JB4df9eEdH6g8sdGgqTXrFLjAxqBGgYoU3azQ==",
      "funding": [
        {
          "type": "opencollective",
          "url": "https://opencollective.com/browserslist"
        },
        {
          "type": "tidelift",
          "url": "https://tidelift.com/funding/github/npm/caniuse-lite"
        }
      ]
    },
    "node_modules/js-tokens": {
      "version": "4.0.0",
      "resolved": "https://registry.npmjs.org/js-tokens/-/js-tokens-4.0.0.tgz",
      "integrity": "sha512-RdJUflcE3cUzKiMqQgsCu06FPu9UdIJO0beYbPhHN4k6apgJtifcoCtT9bcxOpYBtpD2kCM6Sbzg4CausW/PKQ=="
    },
    "node_modules/loose-envify": {
      "version": "1.4.0",
      "resolved": "https://registry.npmjs.org/loose-envify/-/loose-envify-1.4.0.tgz",
      "integrity": "sha512-lyuxPGr/Wfhrlem2CL/UcnUc1zcqKAImBDzukY7Y5F/yQiNdko6+fRLevlw1HgMySw7f611UIY408EtxRSoK3Q==",
      "dependencies": {
        "js-tokens": "^3.0.0 || ^4.0.0"
      },
      "bin": {
        "loose-envify": "cli.js"
      }
    },
    "node_modules/nanoid": {
      "version": "3.3.4",
      "resolved": "https://registry.npmjs.org/nanoid/-/nanoid-3.3.4.tgz",
      "integrity": "sha512-MqBkQh/OHTS2egovRtLk45wEyNXwF+cokD+1YPf9u5VfJiRdAiRwB2froX5Co9Rh20xs4siNPm8naNotSD6RBw==",
      "bin": {
        "nanoid": "bin/nanoid.cjs"
      },
      "engines": {
        "node": "^10 || ^12 || ^13.7 || ^14 || >=15.0.1"
      }
    },
    "node_modules/next": {
      "version": "12.2.2",
      "resolved": "https://registry.npmjs.org/next/-/next-12.2.2.tgz",
      "integrity": "sha512-zAYFY45aBry/PlKONqtlloRFqU/We3zWYdn2NoGvDZkoYUYQSJC8WMcalS5C19MxbCZLUVCX7D7a6gTGgl2yLg==",
      "dependencies": {
        "@next/env": "12.2.2",
        "@swc/helpers": "0.4.2",
        "caniuse-lite": "^1.0.30001332",
        "postcss": "8.4.5",
        "styled-jsx": "5.0.2",
        "use-sync-external-store": "1.1.0"
      },
      "bin": {
        "next": "dist/bin/next"
      },
      "engines": {
        "node": ">=12.22.0"
      },
      "optionalDependencies": {
        "@next/swc-android-arm-eabi": "12.2.2",
        "@next/swc-android-arm64": "12.2.2",
        "@next/swc-darwin-arm64": "12.2.2",
        "@next/swc-darwin-x64": "12.2.2",
        "@next/swc-freebsd-x64": "12.2.2",
        "@next/swc-linux-arm-gnueabihf": "12.2.2",
        "@next/swc-linux-arm64-gnu": "12.2.2",
        "@next/swc-linux-arm64-musl": "12.2.2",
        "@next/swc-linux-x64-gnu": "12.2.2",
        "@next/swc-linux-x64-musl": "12.2.2",
        "@next/swc-win32-arm64-msvc": "12.2.2",
        "@next/swc-win32-ia32-msvc": "12.2.2",
        "@next/swc-win32-x64-msvc": "12.2.2"
      },
      "peerDependencies": {
        "fibers": ">= 3.1.0",
        "node-sass": "^6.0.0 || ^7.0.0",
        "react": "^17.0.2 || ^18.0.0-0",
        "react-dom": "^17.0.2 || ^18.0.0-0",
        "sass": "^1.3.0"
      },
      "peerDependenciesMeta": {
        "fibers": {
          "optional": true
        },
        "node-sass": {
          "optional": true
        },
        "sass": {
          "optional": true
        }
      }
    },
    "node_modules/object-assign": {
      "version": "4.1.1",
      "resolved": "https://registry.npmjs.org/object-assign/-/object-assign-4.1.1.tgz",
      "integrity": "sha512-rJgTQnkUnH1sFw8yT6VSU3zD3sWmu6sZhIseY8VX+GRu3P6F7Fu+JNDoXfklElbLJSnc3FUQHVe4cU5hj+BcUg==",
      "engines": {
        "node": ">=0.10.0"
      }
    },
    "node_modules/picocolors": {
      "version": "1.0.0",
      "resolved": "https://registry.npmjs.org/picocolors/-/picocolors-1.0.0.tgz",
      "integrity": "sha512-1fygroTLlHu66zi26VoTDv8yRgm0Fccecssto+MhsZ0D/DGW2sm8E8AjW7NU5VVTRt5GxbeZ5qBuJr+HyLYkjQ=="
    },
    "node_modules/postcss": {
      "version": "8.4.5",
      "resolved": "https://registry.npmjs.org/postcss/-/postcss-8.4.5.tgz",
      "integrity": "sha512-jBDboWM8qpaqwkMwItqTQTiFikhs/67OYVvblFFTM7MrZjt6yMKd6r2kgXizEbTTljacm4NldIlZnhbjr84QYg==",
      "dependencies": {
        "nanoid": "^3.1.30",
        "picocolors": "^1.0.0",
        "source-map-js": "^1.0.1"
      },
      "engines": {
        "node": "^10 || ^12 || >=14"
      },
      "funding": {
        "type": "opencollective",
        "url": "https://opencollective.com/postcss/"
      }
    },
    "node_modules/react": {
      "version": "17.0.2",
      "resolved": "https://registry.npmjs.org/react/-/react-17.0.2.tgz",
      "integrity": "sha512-gnhPt75i/dq/z3/6q/0asP78D0u592D5L1pd7M8P+dck6Fu/jJeL6iVVK23fptSUZj8Vjf++7wXA8UNclGQcbA==",
      "dependencies": {
        "loose-envify": "^1.1.0",
        "object-assign": "^4.1.1"
      },
      "engines": {
        "node": ">=0.10.0"
      }
    },
    "node_modules/react-dom": {
      "version": "17.0.2",
      "resolved": "https://registry.npmjs.org/react-dom/-/react-dom-17.0.2.tgz",
      "integrity": "sha512-s4h96KtLDUQlsENhMn1ar8t2bEa+q/YAtj8pPPdIjPDGBDIVNsrD9aXNWqspUe6AzKCIG0C1HZZLqLV7qpOBGA==",
      "dependencies": {
        "loose-envify": "^1.1.0",
        "object-assign": "^4.1.1",
        "scheduler": "^0.20.2"
      },
      "peerDependencies": {
        "react": "17.0.2"
      }
    },
    "node_modules/scheduler": {
      "version": "0.20.2",
      "resolved": "https://registry.npmjs.org/scheduler/-/scheduler-0.20.2.tgz",
      "integrity": "sha512-2eWfGgAqqWFGqtdMmcL5zCMK1U8KlXv8SQFGglL3CEtd0aDVDWgeF/YoCmvln55m5zSk3J/20hTaSBeSObsQDQ==",
      "dependencies": {
        "loose-envify": "^1.1.0",
        "object-assign": "^4.1.1"
      }
    },
    "node_modules/source-map-js": {
      "version": "1.0.2",
      "resolved": "https://registry.npmjs.org/source-map-js/-/source-map-js-1.0.2.tgz",
      "integrity": "sha512-R0XvVJ9WusLiqTCEiGCmICCMplcCkIwwR11mOSD9CR5u+IXYdiseeEuXCVAjS54zqwkLcPNnmU4OeJ6tUrWhDw==",
      "engines": {
        "node": ">=0.10.0"
      }
    },
    "node_modules/styled-jsx": {
      "version": "5.0.2",
      "resolved": "https://registry.npmjs.org/styled-jsx/-/styled-jsx-5.0.2.tgz",
      "integrity": "sha512-LqPQrbBh3egD57NBcHET4qcgshPks+yblyhPlH2GY8oaDgKs8SK4C3dBh3oSJjgzJ3G5t1SYEZGHkP+QEpX9EQ==",
      "engines": {
        "node": ">= 12.0.0"
      },
      "peerDependencies": {
        "react": ">= 16.8.0 || 17.x.x || ^18.0.0-0"
      },
      "peerDependenciesMeta": {
        "@babel/core": {
          "optional": true
        },
        "babel-plugin-macros": {
          "optional": true
        }
      }
    },
    "node_modules/tslib": {
      "version": "2.4.0",
      "resolved": "https://registry.npmjs.org/tslib/-/tslib-2.4.0.tgz",
      "integrity": "sha512-d6xOpEDfsi2CZVlPQzGeux8XMwLT9hssAsaPYExaQMuYskwb+x1x7J371tWlbBdWHroy99KnVB6qIkUbs5X3UQ=="
    },
    "node_modules/use-sync-external-store": {
      "version": "1.1.0",
      "resolved": "https://registry.npmjs.org/use-sync-external-store/-/use-sync-external-store-1.1.0.tgz",
      "integrity": "sha512-SEnieB2FPKEVne66NpXPd1Np4R1lTNKfjuy3XdIoPQKYBAFdzbzSZlSn1KJZUiihQLQC5Znot4SBz1EOTBwQAQ==",
      "peerDependencies": {
        "react": "^16.8.0 || ^17.0.0 || ^18.0.0"
      }
    },
    "node_modules/@next/swc-android-arm-eabi": {
      "version": "12.2.2",
      "resolved": "https://registry.npmjs.org/@next/swc-android-arm-eabi/-/swc-android-arm-eabi-12.2.2.tgz",
      "integrity": "sha512-VHjuCHeq9qCprUZbsRxxM/VqSW8MmsUtqB5nEpGEgUNnQi/BTm/2aK8tl7R4D0twGKRh6g1AAeFuWtXzk9Z/vQ==",
      "cpu": [
        "arm"
      ],
      "optional": true,
      "os": [
        "android"
      ],
      "engines": {
        "node": ">= 10"
      }
    },
    "node_modules/@next/swc-android-arm64": {
      "version": "12.2.2",
      "resolved": "https://registry.npmjs.org/@next/swc-android-arm64/-/swc-android-arm64-12.2.2.tgz",
      "integrity": "sha512-v5EYzXUOSv0r9mO/2PX6mOcF53k8ndlu9yeFHVAWW1Dhw2jaJcvTRcCAwYYN8Q3tDg0nH3NbEltJDLKmcJOuVA==",
      "cpu": [
        "arm64"
      ],
      "optional": true,
      "os": [
        "android"
      ],
      "engines": {
        "node": ">= 10"
      }
    },
    "node_modules/@next/swc-darwin-x64": {
      "version": "12.2.2",
      "resolved": "https://registry.npmjs.org/@next/swc-darwin-x64/-/swc-darwin-x64-12.2.2.tgz",
      "integrity": "sha512-dztDtvfkhUqiqpXvrWVccfGhLe44yQ5tQ7B4tBfnsOR6vxzI9DNPHTlEOgRN9qDqTAcFyPxvg86mn4l8bB9Jcw==",
      "cpu": [
        "x64"
      ],
      "optional": true,
      "os": [
        "darwin"
      ],
      "engines": {
        "node": ">= 10"
      }
    },
    "node_modules/@next/swc-freebsd-x64": {
      "version": "12.2.2",
      "resolved": "https://registry.npmjs.org/@next/swc-freebsd-x64/-/swc-freebsd-x64-12.2.2.tgz",
      "integrity": "sha512-JUnXB+2xfxqsAvhFLPJpU1NeyDsvJrKoOjpV7g3Dxbno2Riu4tDKn3kKF886yleAuD/1qNTUCpqubTvbbT2VoA==",
      "cpu": [
        "x64"
      ],
      "optional": true,
      "os": [
        "freebsd"
      ],
      "engines": {
        "node": ">= 10"
      }
    },
    "node_modules/@next/swc-linux-arm-gnueabihf": {
      "version": "12.2.2",
      "resolved": "https://registry.npmjs.org/@next/swc-linux-arm-gnueabihf/-/swc-linux-arm-gnueabihf-12.2.2.tgz",
      "integrity": "sha512-XeYC/qqPLz58R4pjkb+x8sUUxuGLnx9QruC7/IGkK68yW4G17PHwKI/1njFYVfXTXUukpWjcfBuauWwxp9ke7Q==",
      "cpu": [
        "arm"
      ],
      "optional": true,
      "os": [
        "linux"
      ],
      "engines": {
        "node": ">= 10"
      }
    },
    "node_modules/@next/swc-linux-arm64-gnu": {
      "version": "12.2.2",
      "resolved": "https://registry.npmjs.org/@next/swc-linux-arm64-gnu/-/swc-linux-arm64-gnu-12.2.2.tgz",
      "integrity": "sha512-d6jT8xgfKYFkzR7J0OHo2D+kFvY/6W8qEo6/hmdrTt6AKAqxs//rbbcdoyn3YQq1x6FVUUd39zzpezZntg9Naw==",
      "cpu": [
        "arm64"
      ],
      "optional": true,
      "os": [
        "linux"
      ],
      "engines": {
        "node": ">= 10"
      }
    },
    "node_modules/@next/swc-linux-arm64-musl": {
      "version": "12.2.2",
      "resolved": "https://registry.npmjs.org/@next/swc-linux-arm64-musl/-/swc-linux-arm64-musl-12.2.2.tgz",
      "integrity": "sha512-rIZRFxI9N/502auJT1i7coas0HTHUM+HaXMyJiCpnY8Rimbo0495ir24tzzHo3nQqJwcflcPTwEh/DV17sdv9A==",
      "cpu": [
        "arm64"
      ],
      "optional": true,
      "os": [
        "linux"
      ],
      "engines": {
        "node": ">= 10"
      }
    },
    "node_modules/@next/swc-linux-x64-gnu": {
      "version": "12.2.2",
      "resolved": "https://registry.npmjs.org/@next/swc-linux-x64-gnu/-/swc-linux-x64-gnu-12.2.2.tgz",
      "integrity": "sha512-ir1vNadlUDj7eQk15AvfhG5BjVizuCHks9uZwBfUgT5jyeDCeRvaDCo1+Q6+0CLOAnYDR/nqSCvBgzG2UdFh9A==",
      "cpu": [
        "x64"
      ],
      "optional": true,
      "os": [
        "linux"
      ],
      "engines": {
        "node": ">= 10"
      }
    },
    "node_modules/@next/swc-linux-x64-musl": {
      "version": "12.2.2",
      "resolved": "https://registry.npmjs.org/@next/swc-linux-x64-musl/-/swc-linux-x64-musl-12.2.2.tgz",
      "integrity": "sha512-bte5n2GzLN3O8JdSFYWZzMgEgDHZmRz5wiispiiDssj4ik3l8E7wq/czNi8RmIF+ioj2sYVokUNa/ekLzrESWw==",
      "cpu": [
        "x64"
      ],
      "optional": true,
      "os": [
        "linux"
      ],
      "engines": {
        "node": ">= 10"
      }
    },
    "node_modules/@next/swc-win32-arm64-msvc": {
      "version": "12.2.2",
      "resolved": "https://registry.npmjs.org/@next/swc-win32-arm64-msvc/-/swc-win32-arm64-msvc-12.2.2.tgz",
      "integrity": "sha512-ZUGCmcDmdPVSAlwJ/aD+1F9lYW8vttseiv4n2+VCDv5JloxiX9aY32kYZaJJO7hmTLNrprvXkb4OvNuHdN22Jg==",
      "cpu": [
        "arm64"
      ],
      "optional": true,
      "os": [
        "win32"
      ],
      "engines": {
        "node": ">= 10"
      }
    },
    "node_modules/@next/swc-win32-ia32-msvc": {
      "version": "12.2.2",
      "resolved": "https://registry.npmjs.org/@next/swc-win32-ia32-msvc/-/swc-win32-ia32-msvc-12.2.2.tgz",
      "integrity": "sha512-v7ykeEDbr9eXiblGSZiEYYkWoig6sRhAbLKHUHQtk8vEWWVEqeXFcxmw6LRrKu5rCN1DY357UlYWToCGPQPCRA==",
      "cpu": [
        "ia32"
      ],
      "optional": true,
      "os": [
        "win32"
      ],
      "engines": {
        "node": ">= 10"
      }
    },
    "node_modules/@next/swc-win32-x64-msvc": {
      "version": "12.2.2",
      "resolved": "https://registry.npmjs.org/@next/swc-win32-x64-msvc/-/swc-win32-x64-msvc-12.2.2.tgz",
      "integrity": "sha512-2D2iinWUL6xx8D9LYVZ5qi7FP6uLAoWymt8m8aaG2Ld/Ka8/k723fJfiklfuAcwOxfufPJI+nRbT5VcgHGzHAQ==",
      "cpu": [
        "x64"
      ],
      "optional": true,
      "os": [
        "win32"
      ],
      "engines": {
        "node": ">= 10"
      }
    }
  },
  "dependencies": {
    "@next/env": {
      "version": "12.2.2",
      "resolved": "https://registry.npmjs.org/@next/env/-/env-12.2.2.tgz",
      "integrity": "sha512-BqDwE4gDl1F608TpnNxZqrCn6g48MBjvmWFEmeX5wEXDXh3IkAOw6ASKUgjT8H4OUePYFqghDFUss5ZhnbOUjw=="
    },
    "@next/swc-darwin-arm64": {
      "version": "12.2.2",
      "resolved": "https://registry.npmjs.org/@next/swc-darwin-arm64/-/swc-darwin-arm64-12.2.2.tgz",
      "integrity": "sha512-JCoGySHKGt+YBk7xRTFGx1QjrnCcwYxIo3yGepcOq64MoiocTM3yllQWeOAJU2/k9MH0+B5E9WUSme4rOCBbpA==",
      "optional": true
    },
    "@swc/helpers": {
      "version": "0.4.2",
      "resolved": "https://registry.npmjs.org/@swc/helpers/-/helpers-0.4.2.tgz",
      "integrity": "sha512-556Az0VX7WR6UdoTn4htt/l3zPQ7bsQWK+HqdG4swV7beUCxo/BqmvbOpUkTIm/9ih86LIf1qsUnywNL3obGHw==",
      "requires": {
        "tslib": "^2.4.0"
      }
    },
    "caniuse-lite": {
      "version": "1.0.30001361",
      "resolved": "https://registry.npmjs.org/caniuse-lite/-/caniuse-lite-1.0.30001361.tgz",
      "integrity": "sha512-ybhCrjNtkFji1/Wto6SSJKkWk6kZgVQsDq5QI83SafsF6FXv2JB4df9eEdH6g8sdGgqTXrFLjAxqBGgYoU3azQ=="
    },
    "js-tokens": {
      "version": "4.0.0",
      "resolved": "https://registry.npmjs.org/js-tokens/-/js-tokens-4.0.0.tgz",
      "integrity": "sha512-RdJUflcE3cUzKiMqQgsCu06FPu9UdIJO0beYbPhHN4k6apgJtifcoCtT9bcxOpYBtpD2kCM6Sbzg4CausW/PKQ=="
    },
    "loose-envify": {
      "version": "1.4.0",
      "resolved": "https://registry.npmjs.org/loose-envify/-/loose-envify-1.4.0.tgz",
      "integrity": "sha512-lyuxPGr/Wfhrlem2CL/UcnUc1zcqKAImBDzukY7Y5F/yQiNdko6+fRLevlw1HgMySw7f611UIY408EtxRSoK3Q==",
      "requires": {
        "js-tokens": "^3.0.0 || ^4.0.0"
      }
    },
    "nanoid": {
      "version": "3.3.4",
      "resolved": "https://registry.npmjs.org/nanoid/-/nanoid-3.3.4.tgz",
      "integrity": "sha512-MqBkQh/OHTS2egovRtLk45wEyNXwF+cokD+1YPf9u5VfJiRdAiRwB2froX5Co9Rh20xs4siNPm8naNotSD6RBw=="
    },
    "next": {
      "version": "https://registry.npmjs.org/next/-/next-12.2.2.tgz",
      "integrity": "sha512-zAYFY45aBry/PlKONqtlloRFqU/We3zWYdn2NoGvDZkoYUYQSJC8WMcalS5C19MxbCZLUVCX7D7a6gTGgl2yLg==",
      "requires": {
        "@next/env": "12.2.2",
        "@next/swc-android-arm-eabi": "12.2.2",
        "@next/swc-android-arm64": "12.2.2",
        "@next/swc-darwin-arm64": "12.2.2",
        "@next/swc-darwin-x64": "12.2.2",
        "@next/swc-freebsd-x64": "12.2.2",
        "@next/swc-linux-arm-gnueabihf": "12.2.2",
        "@next/swc-linux-arm64-gnu": "12.2.2",
        "@next/swc-linux-arm64-musl": "12.2.2",
        "@next/swc-linux-x64-gnu": "12.2.2",
        "@next/swc-linux-x64-musl": "12.2.2",
        "@next/swc-win32-arm64-msvc": "12.2.2",
        "@next/swc-win32-ia32-msvc": "12.2.2",
        "@next/swc-win32-x64-msvc": "12.2.2",
        "@swc/helpers": "0.4.2",
        "caniuse-lite": "^1.0.30001332",
        "postcss": "8.4.5",
        "styled-jsx": "5.0.2",
        "use-sync-external-store": "1.1.0"
      }
    },
    "object-assign": {
      "version": "4.1.1",
      "resolved": "https://registry.npmjs.org/object-assign/-/object-assign-4.1.1.tgz",
      "integrity": "sha512-rJgTQnkUnH1sFw8yT6VSU3zD3sWmu6sZhIseY8VX+GRu3P6F7Fu+JNDoXfklElbLJSnc3FUQHVe4cU5hj+BcUg=="
    },
    "picocolors": {
      "version": "1.0.0",
      "resolved": "https://registry.npmjs.org/picocolors/-/picocolors-1.0.0.tgz",
      "integrity": "sha512-1fygroTLlHu66zi26VoTDv8yRgm0Fccecssto+MhsZ0D/DGW2sm8E8AjW7NU5VVTRt5GxbeZ5qBuJr+HyLYkjQ=="
    },
    "postcss": {
      "version": "8.4.5",
      "resolved": "https://registry.npmjs.org/postcss/-/postcss-8.4.5.tgz",
      "integrity": "sha512-jBDboWM8qpaqwkMwItqTQTiFikhs/67OYVvblFFTM7MrZjt6yMKd6r2kgXizEbTTljacm4NldIlZnhbjr84QYg==",
      "requires": {
        "nanoid": "^3.1.30",
        "picocolors": "^1.0.0",
        "source-map-js": "^1.0.1"
      }
    },
    "react": {
      "version": "17.0.2",
      "resolved": "https://registry.npmjs.org/react/-/react-17.0.2.tgz",
      "integrity": "sha512-gnhPt75i/dq/z3/6q/0asP78D0u592D5L1pd7M8P+dck6Fu/jJeL6iVVK23fptSUZj8Vjf++7wXA8UNclGQcbA==",
      "requires": {
        "loose-envify": "^1.1.0",
        "object-assign": "^4.1.1"
      }
    },
    "react-dom": {
      "version": "17.0.2",
      "resolved": "https://registry.npmjs.org/react-dom/-/react-dom-17.0.2.tgz",
      "integrity": "sha512-s4h96KtLDUQlsENhMn1ar8t2bEa+q/YAtj8pPPdIjPDGBDIVNsrD9aXNWqspUe6AzKCIG0C1HZZLqLV7qpOBGA==",
      "requires": {
        "loose-envify": "^1.1.0",
        "object-assign": "^4.1.1",
        "scheduler": "^0.20.2"
      }
    },
    "scheduler": {
      "version": "0.20.2",
      "resolved": "https://registry.npmjs.org/scheduler/-/scheduler-0.20.2.tgz",
      "integrity": "sha512-2eWfGgAqqWFGqtdMmcL5zCMK1U8KlXv8SQFGglL3CEtd0aDVDWgeF/YoCmvln55m5zSk3J/20hTaSBeSObsQDQ==",
      "requires": {
        "loose-envify": "^1.1.0",
        "object-assign": "^4.1.1"
      }
    },
    "source-map-js": {
      "version": "1.0.2",
      "resolved": "https://registry.npmjs.org/source-map-js/-/source-map-js-1.0.2.tgz",
      "integrity": "sha512-R0XvVJ9WusLiqTCEiGCmICCMplcCkIwwR11mOSD9CR5u+IXYdiseeEuXCVAjS54zqwkLcPNnmU4OeJ6tUrWhDw=="
    },
    "styled-jsx": {
      "version": "5.0.2",
      "resolved": "https://registry.npmjs.org/styled-jsx/-/styled-jsx-5.0.2.tgz",
      "integrity": "sha512-LqPQrbBh3egD57NBcHET4qcgshPks+yblyhPlH2GY8oaDgKs8SK4C3dBh3oSJjgzJ3G5t1SYEZGHkP+QEpX9EQ==",
      "requires": {}
    },
    "tslib": {
      "version": "2.4.0",
      "resolved": "https://registry.npmjs.org/tslib/-/tslib-2.4.0.tgz",
      "integrity": "sha512-d6xOpEDfsi2CZVlPQzGeux8XMwLT9hssAsaPYExaQMuYskwb+x1x7J371tWlbBdWHroy99KnVB6qIkUbs5X3UQ=="
    },
    "use-sync-external-store": {
      "version": "1.1.0",
      "resolved": "https://registry.npmjs.org/use-sync-external-store/-/use-sync-external-store-1.1.0.tgz",
      "integrity": "sha512-SEnieB2FPKEVne66NpXPd1Np4R1lTNKfjuy3XdIoPQKYBAFdzbzSZlSn1KJZUiihQLQC5Znot4SBz1EOTBwQAQ==",
      "requires": {}
    },
    "@next/swc-android-arm-eabi": {
      "version": "12.2.2",
      "resolved": "https://registry.npmjs.org/@next/swc-android-arm-eabi/-/swc-android-arm-eabi-12.2.2.tgz",
      "integrity": "sha512-VHjuCHeq9qCprUZbsRxxM/VqSW8MmsUtqB5nEpGEgUNnQi/BTm/2aK8tl7R4D0twGKRh6g1AAeFuWtXzk9Z/vQ==",
      "optional": true
    },
    "@next/swc-android-arm64": {
      "version": "12.2.2",
      "resolved": "https://registry.npmjs.org/@next/swc-android-arm64/-/swc-android-arm64-12.2.2.tgz",
      "integrity": "sha512-v5EYzXUOSv0r9mO/2PX6mOcF53k8ndlu9yeFHVAWW1Dhw2jaJcvTRcCAwYYN8Q3tDg0nH3NbEltJDLKmcJOuVA==",
      "optional": true
    },
    "@next/swc-darwin-x64": {
      "version": "12.2.2",
      "resolved": "https://registry.npmjs.org/@next/swc-darwin-x64/-/swc-darwin-x64-12.2.2.tgz",
      "integrity": "sha512-dztDtvfkhUqiqpXvrWVccfGhLe44yQ5tQ7B4tBfnsOR6vxzI9DNPHTlEOgRN9qDqTAcFyPxvg86mn4l8bB9Jcw==",
      "optional": true
    },
    "@next/swc-freebsd-x64": {
      "version": "12.2.2",
      "resolved": "https://registry.npmjs.org/@next/swc-freebsd-x64/-/swc-freebsd-x64-12.2.2.tgz",
      "integrity": "sha512-JUnXB+2xfxqsAvhFLPJpU1NeyDsvJrKoOjpV7g3Dxbno2Riu4tDKn3kKF886yleAuD/1qNTUCpqubTvbbT2VoA==",
      "optional": true
    },
    "@next/swc-linux-arm-gnueabihf": {
      "version": "12.2.2",
      "resolved": "https://registry.npmjs.org/@next/swc-linux-arm-gnueabihf/-/swc-linux-arm-gnueabihf-12.2.2.tgz",
      "integrity": "sha512-XeYC/qqPLz58R4pjkb+x8sUUxuGLnx9QruC7/IGkK68yW4G17PHwKI/1njFYVfXTXUukpWjcfBuauWwxp9ke7Q==",
      "optional": true
    },
    "@next/swc-linux-arm64-gnu": {
      "version": "12.2.2",
      "resolved": "https://registry.npmjs.org/@next/swc-linux-arm64-gnu/-/swc-linux-arm64-gnu-12.2.2.tgz",
      "integrity": "sha512-d6jT8xgfKYFkzR7J0OHo2D+kFvY/6W8qEo6/hmdrTt6AKAqxs//rbbcdoyn3YQq1x6FVUUd39zzpezZntg9Naw==",
      "optional": true
    },
    "@next/swc-linux-arm64-musl": {
      "version": "12.2.2",
      "resolved": "https://registry.npmjs.org/@next/swc-linux-arm64-musl/-/swc-linux-arm64-musl-12.2.2.tgz",
      "integrity": "sha512-rIZRFxI9N/502auJT1i7coas0HTHUM+HaXMyJiCpnY8Rimbo0495ir24tzzHo3nQqJwcflcPTwEh/DV17sdv9A==",
      "optional": true
    },
    "@next/swc-linux-x64-gnu": {
      "version": "12.2.2",
      "resolved": "https://registry.npmjs.org/@next/swc-linux-x64-gnu/-/swc-linux-x64-gnu-12.2.2.tgz",
      "integrity": "sha512-ir1vNadlUDj7eQk15AvfhG5BjVizuCHks9uZwBfUgT5jyeDCeRvaDCo1+Q6+0CLOAnYDR/nqSCvBgzG2UdFh9A==",
      "optional": true
    },
    "@next/swc-linux-x64-musl": {
      "version": "12.2.2",
      "resolved": "https://registry.npmjs.org/@next/swc-linux-x64-musl/-/swc-linux-x64-musl-12.2.2.tgz",
      "integrity": "sha512-bte5n2GzLN3O8JdSFYWZzMgEgDHZmRz5wiispiiDssj4ik3l8E7wq/czNi8RmIF+ioj2sYVokUNa/ekLzrESWw==",
      "optional": true
    },
    "@next/swc-win32-arm64-msvc": {
      "version": "12.2.2",
      "resolved": "https://registry.npmjs.org/@next/swc-win32-arm64-msvc/-/swc-win32-arm64-msvc-12.2.2.tgz",
      "integrity": "sha512-ZUGCmcDmdPVSAlwJ/aD+1F9lYW8vttseiv4n2+VCDv5JloxiX9aY32kYZaJJO7hmTLNrprvXkb4OvNuHdN22Jg==",
      "optional": true
    },
    "@next/swc-win32-ia32-msvc": {
      "version": "12.2.2",
      "resolved": "https://registry.npmjs.org/@next/swc-win32-ia32-msvc/-/swc-win32-ia32-msvc-12.2.2.tgz",
      "integrity": "sha512-v7ykeEDbr9eXiblGSZiEYYkWoig6sRhAbLKHUHQtk8vEWWVEqeXFcxmw6LRrKu5rCN1DY357UlYWToCGPQPCRA==",
      "optional": true
    },
    "@next/swc-win32-x64-msvc": {
      "version": "12.2.2",
      "resolved": "https://registry.npmjs.org/@next/swc-win32-x64-msvc/-/swc-win32-x64-msvc-12.2.2.tgz",
      "integrity": "sha512-2D2iinWUL6xx8D9LYVZ5qi7FP6uLAoWymt8m8aaG2Ld/Ka8/k723fJfiklfuAcwOxfufPJI+nRbT5VcgHGzHAQ==",
      "optional": true
    }
  }
}
